// !$*UTF8*$!
{
	archiveVersion = 1;
	classes = {
	};
	objectVersion = 46;
	objects = {

/* Begin PBXBuildFile section */
		3E58E83520847D20006C7E88 /* CTRequestQueueManager.m in Sources */ = {isa = PBXBuildFile; fileRef = 3E58E7E520847D20006C7E88 /* CTRequestQueueManager.m */; };
		3E58E83620847D20006C7E88 /* CTNetworkService.m in Sources */ = {isa = PBXBuildFile; fileRef = 3E58E7E920847D20006C7E88 /* CTNetworkService.m */; };
		3E58E83720847D20006C7E88 /* CTRequest.m in Sources */ = {isa = PBXBuildFile; fileRef = 3E58E7EA20847D20006C7E88 /* CTRequest.m */; };
		3E58E83820847D20006C7E88 /* CTBaseTableViewCellModel.m in Sources */ = {isa = PBXBuildFile; fileRef = 3E58E7F220847D20006C7E88 /* CTBaseTableViewCellModel.m */; };
		3E58E83920847D20006C7E88 /* CTBaseTableViewModel.m in Sources */ = {isa = PBXBuildFile; fileRef = 3E58E7F320847D20006C7E88 /* CTBaseTableViewModel.m */; };
		3E58E83B20847D20006C7E88 /* TableView_MVP.xcdatamodeld in Sources */ = {isa = PBXBuildFile; fileRef = 3E58E7F720847D20006C7E88 /* TableView_MVP.xcdatamodeld */; };
		3E58E83C20847D20006C7E88 /* LICENSE in Resources */ = {isa = PBXBuildFile; fileRef = 3E58E7FA20847D20006C7E88 /* LICENSE */; };
		3E58E83D20847D20006C7E88 /* UIScrollView+MJRefresh.m in Sources */ = {isa = PBXBuildFile; fileRef = 3E58E7FC20847D20006C7E88 /* UIScrollView+MJRefresh.m */; };
		3E58E83E20847D20006C7E88 /* MJRefreshConst.m in Sources */ = {isa = PBXBuildFile; fileRef = 3E58E7FD20847D20006C7E88 /* MJRefreshConst.m */; };
		3E58E83F20847D20006C7E88 /* MJRefresh.bundle in Resources */ = {isa = PBXBuildFile; fileRef = 3E58E80120847D20006C7E88 /* MJRefresh.bundle */; };
		3E58E84020847D20006C7E88 /* UIScrollView+MJExtension.m in Sources */ = {isa = PBXBuildFile; fileRef = 3E58E80320847D20006C7E88 /* UIScrollView+MJExtension.m */; };
		3E58E84120847D20006C7E88 /* NSBundle+MJRefresh.m in Sources */ = {isa = PBXBuildFile; fileRef = 3E58E80620847D20006C7E88 /* NSBundle+MJRefresh.m */; };
		3E58E84220847D20006C7E88 /* UIView+MJExtension.m in Sources */ = {isa = PBXBuildFile; fileRef = 3E58E80720847D20006C7E88 /* UIView+MJExtension.m */; };
		3E58E84320847D20006C7E88 /* MJRefreshBackGifFooter.m in Sources */ = {isa = PBXBuildFile; fileRef = 3E58E80E20847D20006C7E88 /* MJRefreshBackGifFooter.m */; };
		3E58E84420847D20006C7E88 /* MJRefreshBackStateFooter.m in Sources */ = {isa = PBXBuildFile; fileRef = 3E58E80F20847D20006C7E88 /* MJRefreshBackStateFooter.m */; };
		3E58E84520847D20006C7E88 /* MJRefreshBackNormalFooter.m in Sources */ = {isa = PBXBuildFile; fileRef = 3E58E81020847D20006C7E88 /* MJRefreshBackNormalFooter.m */; };
		3E58E84620847D20006C7E88 /* MJRefreshAutoStateFooter.m in Sources */ = {isa = PBXBuildFile; fileRef = 3E58E81520847D20006C7E88 /* MJRefreshAutoStateFooter.m */; };
		3E58E84720847D20006C7E88 /* MJRefreshAutoGifFooter.m in Sources */ = {isa = PBXBuildFile; fileRef = 3E58E81620847D20006C7E88 /* MJRefreshAutoGifFooter.m */; };
		3E58E84820847D20006C7E88 /* MJRefreshAutoNormalFooter.m in Sources */ = {isa = PBXBuildFile; fileRef = 3E58E81720847D20006C7E88 /* MJRefreshAutoNormalFooter.m */; };
		3E58E84920847D20006C7E88 /* MJRefreshNormalHeader.m in Sources */ = {isa = PBXBuildFile; fileRef = 3E58E81920847D20006C7E88 /* MJRefreshNormalHeader.m */; };
		3E58E84A20847D20006C7E88 /* MJRefreshStateHeader.m in Sources */ = {isa = PBXBuildFile; fileRef = 3E58E81D20847D20006C7E88 /* MJRefreshStateHeader.m */; };
		3E58E84B20847D20006C7E88 /* MJRefreshGifHeader.m in Sources */ = {isa = PBXBuildFile; fileRef = 3E58E81E20847D20006C7E88 /* MJRefreshGifHeader.m */; };
		3E58E84C20847D20006C7E88 /* MJRefreshFooter.m in Sources */ = {isa = PBXBuildFile; fileRef = 3E58E82020847D20006C7E88 /* MJRefreshFooter.m */; };
		3E58E84D20847D20006C7E88 /* MJRefreshHeader.m in Sources */ = {isa = PBXBuildFile; fileRef = 3E58E82220847D20006C7E88 /* MJRefreshHeader.m */; };
		3E58E84E20847D20006C7E88 /* MJRefreshBackFooter.m in Sources */ = {isa = PBXBuildFile; fileRef = 3E58E82420847D20006C7E88 /* MJRefreshBackFooter.m */; };
		3E58E84F20847D20006C7E88 /* MJRefreshAutoFooter.m in Sources */ = {isa = PBXBuildFile; fileRef = 3E58E82520847D20006C7E88 /* MJRefreshAutoFooter.m */; };
		3E58E85020847D20006C7E88 /* MJRefreshComponent.m in Sources */ = {isa = PBXBuildFile; fileRef = 3E58E82720847D20006C7E88 /* MJRefreshComponent.m */; };
		3E58E85120847D20006C7E88 /* README.md in Resources */ = {isa = PBXBuildFile; fileRef = 3E58E82A20847D20006C7E88 /* README.md */; };
		3E58E85220847D20006C7E88 /* Assets.xcassets in Resources */ = {isa = PBXBuildFile; fileRef = 3E58E82B20847D20006C7E88 /* Assets.xcassets */; };
		3E58E85320847D20006C7E88 /* ViewController.m in Sources */ = {isa = PBXBuildFile; fileRef = 3E58E82C20847D20006C7E88 /* ViewController.m */; };
		3E58E85420847D20006C7E88 /* LaunchScreen.storyboard in Resources */ = {isa = PBXBuildFile; fileRef = 3E58E82D20847D20006C7E88 /* LaunchScreen.storyboard */; };
		3E58E85520847D20006C7E88 /* Main.storyboard in Resources */ = {isa = PBXBuildFile; fileRef = 3E58E82F20847D20006C7E88 /* Main.storyboard */; };
		3E58E85620847D20006C7E88 /* main.m in Sources */ = {isa = PBXBuildFile; fileRef = 3E58E83120847D20006C7E88 /* main.m */; };
		3E58E85720847D20006C7E88 /* AppDelegate.m in Sources */ = {isa = PBXBuildFile; fileRef = 3E58E83220847D20006C7E88 /* AppDelegate.m */; };
		3E58E85C20847D9C006C7E88 /* CTTableViewPresenter.m in Sources */ = {isa = PBXBuildFile; fileRef = 3E58E85A20847D9C006C7E88 /* CTTableViewPresenter.m */; };
		3E59A91B20859AEE0005D3B1 /* CTBasePresenter.m in Sources */ = {isa = PBXBuildFile; fileRef = 3E59A91A20859AEE0005D3B1 /* CTBasePresenter.m */; };
		3E59A9212085C47B0005D3B1 /* CTBaseDataModel.m in Sources */ = {isa = PBXBuildFile; fileRef = 3E59A91F2085C47B0005D3B1 /* CTBaseDataModel.m */; };
		3E59A9302085DDC40005D3B1 /* TestViewController.m in Sources */ = {isa = PBXBuildFile; fileRef = 3E59A92F2085DDC40005D3B1 /* TestViewController.m */; };
		3E59A9332085DEE40005D3B1 /* TestCellModel.m in Sources */ = {isa = PBXBuildFile; fileRef = 3E59A9322085DEE40005D3B1 /* TestCellModel.m */; };
		3E59A9362085DF010005D3B1 /* TestTableViewCell.m in Sources */ = {isa = PBXBuildFile; fileRef = 3E59A9352085DF010005D3B1 /* TestTableViewCell.m */; };
/* End PBXBuildFile section */

/* Begin PBXFileReference section */
		18E5C76C1E2CCAFB001BC848 /* libxml2.2.tbd */ = {isa = PBXFileReference; lastKnownFileType = "sourcecode.text-based-dylib-definition"; name = libxml2.2.tbd; path = usr/lib/libxml2.2.tbd; sourceTree = SDKROOT; };
		18E5C76E1E2CCB3A001BC848 /* libxml2.tbd */ = {isa = PBXFileReference; lastKnownFileType = "sourcecode.text-based-dylib-definition"; name = libxml2.tbd; path = usr/lib/libxml2.tbd; sourceTree = SDKROOT; };
		3E58E7E120847D20006C7E88 /* AppDelegate.h */ = {isa = PBXFileReference; fileEncoding = 4; lastKnownFileType = sourcecode.c.h; path = AppDelegate.h; sourceTree = "<group>"; };
		3E58E7E420847D20006C7E88 /* CTNetworkService.h */ = {isa = PBXFileReference; fileEncoding = 4; lastKnownFileType = sourcecode.c.h; path = CTNetworkService.h; sourceTree = "<group>"; };
		3E58E7E520847D20006C7E88 /* CTRequestQueueManager.m */ = {isa = PBXFileReference; fileEncoding = 4; lastKnownFileType = sourcecode.c.objc; path = CTRequestQueueManager.m; sourceTree = "<group>"; };
		3E58E7E620847D20006C7E88 /* CTNetworkProtocol.h */ = {isa = PBXFileReference; fileEncoding = 4; lastKnownFileType = sourcecode.c.h; path = CTNetworkProtocol.h; sourceTree = "<group>"; };
		3E58E7E720847D20006C7E88 /* CTRequest.h */ = {isa = PBXFileReference; fileEncoding = 4; lastKnownFileType = sourcecode.c.h; path = CTRequest.h; sourceTree = "<group>"; };
		3E58E7E820847D20006C7E88 /* CTRequestQueueManager.h */ = {isa = PBXFileReference; fileEncoding = 4; lastKnownFileType = sourcecode.c.h; path = CTRequestQueueManager.h; sourceTree = "<group>"; };
		3E58E7E920847D20006C7E88 /* CTNetworkService.m */ = {isa = PBXFileReference; fileEncoding = 4; lastKnownFileType = sourcecode.c.objc; path = CTNetworkService.m; sourceTree = "<group>"; };
		3E58E7EA20847D20006C7E88 /* CTRequest.m */ = {isa = PBXFileReference; fileEncoding = 4; lastKnownFileType = sourcecode.c.objc; path = CTRequest.m; sourceTree = "<group>"; };
		3E58E7EC20847D20006C7E88 /* CTBaseTableViewCellProtocol.h */ = {isa = PBXFileReference; fileEncoding = 4; lastKnownFileType = sourcecode.c.h; path = CTBaseTableViewCellProtocol.h; sourceTree = "<group>"; };
		3E58E7ED20847D20006C7E88 /* CTTableViewProtocol.h */ = {isa = PBXFileReference; fileEncoding = 4; lastKnownFileType = sourcecode.c.h; path = CTTableViewProtocol.h; sourceTree = "<group>"; };
		3E58E7EE20847D20006C7E88 /* CTBaseTableViewCellModelProtocol.h */ = {isa = PBXFileReference; fileEncoding = 4; lastKnownFileType = sourcecode.c.h; path = CTBaseTableViewCellModelProtocol.h; sourceTree = "<group>"; };
		3E58E7F020847D20006C7E88 /* CTBaseTableViewCellModel.h */ = {isa = PBXFileReference; fileEncoding = 4; lastKnownFileType = sourcecode.c.h; path = CTBaseTableViewCellModel.h; sourceTree = "<group>"; };
		3E58E7F120847D20006C7E88 /* CTBaseTableViewModel.h */ = {isa = PBXFileReference; fileEncoding = 4; lastKnownFileType = sourcecode.c.h; path = CTBaseTableViewModel.h; sourceTree = "<group>"; };
		3E58E7F220847D20006C7E88 /* CTBaseTableViewCellModel.m */ = {isa = PBXFileReference; fileEncoding = 4; lastKnownFileType = sourcecode.c.objc; path = CTBaseTableViewCellModel.m; sourceTree = "<group>"; };
		3E58E7F320847D20006C7E88 /* CTBaseTableViewModel.m */ = {isa = PBXFileReference; fileEncoding = 4; lastKnownFileType = sourcecode.c.objc; path = CTBaseTableViewModel.m; sourceTree = "<group>"; };
		3E58E7F820847D20006C7E88 /* TableView_MVP.xcdatamodel */ = {isa = PBXFileReference; lastKnownFileType = wrapper.xcdatamodel; path = TableView_MVP.xcdatamodel; sourceTree = "<group>"; };
		3E58E7FA20847D20006C7E88 /* LICENSE */ = {isa = PBXFileReference; fileEncoding = 4; lastKnownFileType = text; path = LICENSE; sourceTree = "<group>"; };
		3E58E7FC20847D20006C7E88 /* UIScrollView+MJRefresh.m */ = {isa = PBXFileReference; fileEncoding = 4; lastKnownFileType = sourcecode.c.objc; path = "UIScrollView+MJRefresh.m"; sourceTree = "<group>"; };
		3E58E7FD20847D20006C7E88 /* MJRefreshConst.m */ = {isa = PBXFileReference; fileEncoding = 4; lastKnownFileType = sourcecode.c.objc; path = MJRefreshConst.m; sourceTree = "<group>"; };
		3E58E7FE20847D20006C7E88 /* UIScrollView+MJExtension.h */ = {isa = PBXFileReference; fileEncoding = 4; lastKnownFileType = sourcecode.c.h; path = "UIScrollView+MJExtension.h"; sourceTree = "<group>"; };
		3E58E7FF20847D20006C7E88 /* MJRefresh.h */ = {isa = PBXFileReference; fileEncoding = 4; lastKnownFileType = sourcecode.c.h; path = MJRefresh.h; sourceTree = "<group>"; };
		3E58E80020847D20006C7E88 /* NSBundle+MJRefresh.h */ = {isa = PBXFileReference; fileEncoding = 4; lastKnownFileType = sourcecode.c.h; path = "NSBundle+MJRefresh.h"; sourceTree = "<group>"; };
		3E58E80120847D20006C7E88 /* MJRefresh.bundle */ = {isa = PBXFileReference; lastKnownFileType = "wrapper.plug-in"; path = MJRefresh.bundle; sourceTree = "<group>"; };
		3E58E80220847D20006C7E88 /* UIView+MJExtension.h */ = {isa = PBXFileReference; fileEncoding = 4; lastKnownFileType = sourcecode.c.h; path = "UIView+MJExtension.h"; sourceTree = "<group>"; };
		3E58E80320847D20006C7E88 /* UIScrollView+MJExtension.m */ = {isa = PBXFileReference; fileEncoding = 4; lastKnownFileType = sourcecode.c.objc; path = "UIScrollView+MJExtension.m"; sourceTree = "<group>"; };
		3E58E80420847D20006C7E88 /* MJRefreshConst.h */ = {isa = PBXFileReference; fileEncoding = 4; lastKnownFileType = sourcecode.c.h; path = MJRefreshConst.h; sourceTree = "<group>"; };
		3E58E80520847D20006C7E88 /* UIScrollView+MJRefresh.h */ = {isa = PBXFileReference; fileEncoding = 4; lastKnownFileType = sourcecode.c.h; path = "UIScrollView+MJRefresh.h"; sourceTree = "<group>"; };
		3E58E80620847D20006C7E88 /* NSBundle+MJRefresh.m */ = {isa = PBXFileReference; fileEncoding = 4; lastKnownFileType = sourcecode.c.objc; path = "NSBundle+MJRefresh.m"; sourceTree = "<group>"; };
		3E58E80720847D20006C7E88 /* UIView+MJExtension.m */ = {isa = PBXFileReference; fileEncoding = 4; lastKnownFileType = sourcecode.c.objc; path = "UIView+MJExtension.m"; sourceTree = "<group>"; };
		3E58E80B20847D20006C7E88 /* MJRefreshBackGifFooter.h */ = {isa = PBXFileReference; fileEncoding = 4; lastKnownFileType = sourcecode.c.h; path = MJRefreshBackGifFooter.h; sourceTree = "<group>"; };
		3E58E80C20847D20006C7E88 /* MJRefreshBackStateFooter.h */ = {isa = PBXFileReference; fileEncoding = 4; lastKnownFileType = sourcecode.c.h; path = MJRefreshBackStateFooter.h; sourceTree = "<group>"; };
		3E58E80D20847D20006C7E88 /* MJRefreshBackNormalFooter.h */ = {isa = PBXFileReference; fileEncoding = 4; lastKnownFileType = sourcecode.c.h; path = MJRefreshBackNormalFooter.h; sourceTree = "<group>"; };
		3E58E80E20847D20006C7E88 /* MJRefreshBackGifFooter.m */ = {isa = PBXFileReference; fileEncoding = 4; lastKnownFileType = sourcecode.c.objc; path = MJRefreshBackGifFooter.m; sourceTree = "<group>"; };
		3E58E80F20847D20006C7E88 /* MJRefreshBackStateFooter.m */ = {isa = PBXFileReference; fileEncoding = 4; lastKnownFileType = sourcecode.c.objc; path = MJRefreshBackStateFooter.m; sourceTree = "<group>"; };
		3E58E81020847D20006C7E88 /* MJRefreshBackNormalFooter.m */ = {isa = PBXFileReference; fileEncoding = 4; lastKnownFileType = sourcecode.c.objc; path = MJRefreshBackNormalFooter.m; sourceTree = "<group>"; };
		3E58E81220847D20006C7E88 /* MJRefreshAutoStateFooter.h */ = {isa = PBXFileReference; fileEncoding = 4; lastKnownFileType = sourcecode.c.h; path = MJRefreshAutoStateFooter.h; sourceTree = "<group>"; };
		3E58E81320847D20006C7E88 /* MJRefreshAutoNormalFooter.h */ = {isa = PBXFileReference; fileEncoding = 4; lastKnownFileType = sourcecode.c.h; path = MJRefreshAutoNormalFooter.h; sourceTree = "<group>"; };
		3E58E81420847D20006C7E88 /* MJRefreshAutoGifFooter.h */ = {isa = PBXFileReference; fileEncoding = 4; lastKnownFileType = sourcecode.c.h; path = MJRefreshAutoGifFooter.h; sourceTree = "<group>"; };
		3E58E81520847D20006C7E88 /* MJRefreshAutoStateFooter.m */ = {isa = PBXFileReference; fileEncoding = 4; lastKnownFileType = sourcecode.c.objc; path = MJRefreshAutoStateFooter.m; sourceTree = "<group>"; };
		3E58E81620847D20006C7E88 /* MJRefreshAutoGifFooter.m */ = {isa = PBXFileReference; fileEncoding = 4; lastKnownFileType = sourcecode.c.objc; path = MJRefreshAutoGifFooter.m; sourceTree = "<group>"; };
		3E58E81720847D20006C7E88 /* MJRefreshAutoNormalFooter.m */ = {isa = PBXFileReference; fileEncoding = 4; lastKnownFileType = sourcecode.c.objc; path = MJRefreshAutoNormalFooter.m; sourceTree = "<group>"; };
		3E58E81920847D20006C7E88 /* MJRefreshNormalHeader.m */ = {isa = PBXFileReference; fileEncoding = 4; lastKnownFileType = sourcecode.c.objc; path = MJRefreshNormalHeader.m; sourceTree = "<group>"; };
		3E58E81A20847D20006C7E88 /* MJRefreshStateHeader.h */ = {isa = PBXFileReference; fileEncoding = 4; lastKnownFileType = sourcecode.c.h; path = MJRefreshStateHeader.h; sourceTree = "<group>"; };
		3E58E81B20847D20006C7E88 /* MJRefreshGifHeader.h */ = {isa = PBXFileReference; fileEncoding = 4; lastKnownFileType = sourcecode.c.h; path = MJRefreshGifHeader.h; sourceTree = "<group>"; };
		3E58E81C20847D20006C7E88 /* MJRefreshNormalHeader.h */ = {isa = PBXFileReference; fileEncoding = 4; lastKnownFileType = sourcecode.c.h; path = MJRefreshNormalHeader.h; sourceTree = "<group>"; };
		3E58E81D20847D20006C7E88 /* MJRefreshStateHeader.m */ = {isa = PBXFileReference; fileEncoding = 4; lastKnownFileType = sourcecode.c.objc; path = MJRefreshStateHeader.m; sourceTree = "<group>"; };
		3E58E81E20847D20006C7E88 /* MJRefreshGifHeader.m */ = {isa = PBXFileReference; fileEncoding = 4; lastKnownFileType = sourcecode.c.objc; path = MJRefreshGifHeader.m; sourceTree = "<group>"; };
		3E58E82020847D20006C7E88 /* MJRefreshFooter.m */ = {isa = PBXFileReference; fileEncoding = 4; lastKnownFileType = sourcecode.c.objc; path = MJRefreshFooter.m; sourceTree = "<group>"; };
		3E58E82120847D20006C7E88 /* MJRefreshComponent.h */ = {isa = PBXFileReference; fileEncoding = 4; lastKnownFileType = sourcecode.c.h; path = MJRefreshComponent.h; sourceTree = "<group>"; };
		3E58E82220847D20006C7E88 /* MJRefreshHeader.m */ = {isa = PBXFileReference; fileEncoding = 4; lastKnownFileType = sourcecode.c.objc; path = MJRefreshHeader.m; sourceTree = "<group>"; };
		3E58E82320847D20006C7E88 /* MJRefreshAutoFooter.h */ = {isa = PBXFileReference; fileEncoding = 4; lastKnownFileType = sourcecode.c.h; path = MJRefreshAutoFooter.h; sourceTree = "<group>"; };
		3E58E82420847D20006C7E88 /* MJRefreshBackFooter.m */ = {isa = PBXFileReference; fileEncoding = 4; lastKnownFileType = sourcecode.c.objc; path = MJRefreshBackFooter.m; sourceTree = "<group>"; };
		3E58E82520847D20006C7E88 /* MJRefreshAutoFooter.m */ = {isa = PBXFileReference; fileEncoding = 4; lastKnownFileType = sourcecode.c.objc; path = MJRefreshAutoFooter.m; sourceTree = "<group>"; };
		3E58E82620847D20006C7E88 /* MJRefreshHeader.h */ = {isa = PBXFileReference; fileEncoding = 4; lastKnownFileType = sourcecode.c.h; path = MJRefreshHeader.h; sourceTree = "<group>"; };
		3E58E82720847D20006C7E88 /* MJRefreshComponent.m */ = {isa = PBXFileReference; fileEncoding = 4; lastKnownFileType = sourcecode.c.objc; path = MJRefreshComponent.m; sourceTree = "<group>"; };
		3E58E82820847D20006C7E88 /* MJRefreshFooter.h */ = {isa = PBXFileReference; fileEncoding = 4; lastKnownFileType = sourcecode.c.h; path = MJRefreshFooter.h; sourceTree = "<group>"; };
		3E58E82920847D20006C7E88 /* MJRefreshBackFooter.h */ = {isa = PBXFileReference; fileEncoding = 4; lastKnownFileType = sourcecode.c.h; path = MJRefreshBackFooter.h; sourceTree = "<group>"; };
		3E58E82A20847D20006C7E88 /* README.md */ = {isa = PBXFileReference; fileEncoding = 4; lastKnownFileType = net.daringfireball.markdown; path = README.md; sourceTree = "<group>"; };
		3E58E82B20847D20006C7E88 /* Assets.xcassets */ = {isa = PBXFileReference; lastKnownFileType = folder.assetcatalog; path = Assets.xcassets; sourceTree = "<group>"; };
		3E58E82C20847D20006C7E88 /* ViewController.m */ = {isa = PBXFileReference; fileEncoding = 4; lastKnownFileType = sourcecode.c.objc; path = ViewController.m; sourceTree = "<group>"; };
		3E58E82E20847D20006C7E88 /* Base */ = {isa = PBXFileReference; lastKnownFileType = file.storyboard; name = Base; path = Base.lproj/LaunchScreen.storyboard; sourceTree = "<group>"; };
		3E58E83020847D20006C7E88 /* Base */ = {isa = PBXFileReference; lastKnownFileType = file.storyboard; name = Base; path = Base.lproj/Main.storyboard; sourceTree = "<group>"; };
		3E58E83120847D20006C7E88 /* main.m */ = {isa = PBXFileReference; fileEncoding = 4; lastKnownFileType = sourcecode.c.objc; path = main.m; sourceTree = "<group>"; };
		3E58E83220847D20006C7E88 /* AppDelegate.m */ = {isa = PBXFileReference; fileEncoding = 4; lastKnownFileType = sourcecode.c.objc; path = AppDelegate.m; sourceTree = "<group>"; };
		3E58E83320847D20006C7E88 /* Info.plist */ = {isa = PBXFileReference; fileEncoding = 4; lastKnownFileType = text.plist.xml; path = Info.plist; sourceTree = "<group>"; };
		3E58E83420847D20006C7E88 /* ViewController.h */ = {isa = PBXFileReference; fileEncoding = 4; lastKnownFileType = sourcecode.c.h; path = ViewController.h; sourceTree = "<group>"; };
		3E58E85A20847D9C006C7E88 /* CTTableViewPresenter.m */ = {isa = PBXFileReference; fileEncoding = 4; lastKnownFileType = sourcecode.c.objc; path = CTTableViewPresenter.m; sourceTree = "<group>"; };
		3E58E85B20847D9C006C7E88 /* CTTableViewPresenter.h */ = {isa = PBXFileReference; fileEncoding = 4; lastKnownFileType = sourcecode.c.h; path = CTTableViewPresenter.h; sourceTree = "<group>"; };
		3E58E86020847E34006C7E88 /* CTTableViewPresenterProtocol.h */ = {isa = PBXFileReference; fileEncoding = 4; lastKnownFileType = sourcecode.c.h; path = CTTableViewPresenterProtocol.h; sourceTree = "<group>"; };
		3E59A91920859AEE0005D3B1 /* CTBasePresenter.h */ = {isa = PBXFileReference; lastKnownFileType = sourcecode.c.h; path = CTBasePresenter.h; sourceTree = "<group>"; };
		3E59A91A20859AEE0005D3B1 /* CTBasePresenter.m */ = {isa = PBXFileReference; lastKnownFileType = sourcecode.c.objc; path = CTBasePresenter.m; sourceTree = "<group>"; };
		3E59A91D20859F840005D3B1 /* CTBaseViewControllerProtocol.h */ = {isa = PBXFileReference; lastKnownFileType = sourcecode.c.h; path = CTBaseViewControllerProtocol.h; sourceTree = "<group>"; };
		3E59A91E2085A2F80005D3B1 /* CTBasePresenterProtocol.h */ = {isa = PBXFileReference; fileEncoding = 4; lastKnownFileType = sourcecode.c.h; path = CTBasePresenterProtocol.h; sourceTree = "<group>"; };
		3E59A91F2085C47B0005D3B1 /* CTBaseDataModel.m */ = {isa = PBXFileReference; fileEncoding = 4; lastKnownFileType = sourcecode.c.objc; path = CTBaseDataModel.m; sourceTree = "<group>"; };
		3E59A9202085C47B0005D3B1 /* CTBaseDataModel.h */ = {isa = PBXFileReference; fileEncoding = 4; lastKnownFileType = sourcecode.c.h; path = CTBaseDataModel.h; sourceTree = "<group>"; };
		3E59A92E2085DDC40005D3B1 /* TestViewController.h */ = {isa = PBXFileReference; lastKnownFileType = sourcecode.c.h; path = TestViewController.h; sourceTree = "<group>"; };
		3E59A92F2085DDC40005D3B1 /* TestViewController.m */ = {isa = PBXFileReference; lastKnownFileType = sourcecode.c.objc; path = TestViewController.m; sourceTree = "<group>"; };
		3E59A9312085DEE40005D3B1 /* TestCellModel.h */ = {isa = PBXFileReference; lastKnownFileType = sourcecode.c.h; path = TestCellModel.h; sourceTree = "<group>"; };
		3E59A9322085DEE40005D3B1 /* TestCellModel.m */ = {isa = PBXFileReference; lastKnownFileType = sourcecode.c.objc; path = TestCellModel.m; sourceTree = "<group>"; };
		3E59A9342085DF010005D3B1 /* TestTableViewCell.h */ = {isa = PBXFileReference; lastKnownFileType = sourcecode.c.h; path = TestTableViewCell.h; sourceTree = "<group>"; };
		3E59A9352085DF010005D3B1 /* TestTableViewCell.m */ = {isa = PBXFileReference; lastKnownFileType = sourcecode.c.objc; path = TestTableViewCell.m; sourceTree = "<group>"; };
		A445640E1E2A81E80079C37E /* CTBaseTableView_MVP.app */ = {isa = PBXFileReference; explicitFileType = wrapper.application; includeInIndex = 0; path = CTBaseTableView_MVP.app; sourceTree = BUILT_PRODUCTS_DIR; };
/* End PBXFileReference section */

/* Begin PBXFrameworksBuildPhase section */
		A445640B1E2A81E80079C37E /* Frameworks */ = {
			isa = PBXFrameworksBuildPhase;
			buildActionMask = 2147483647;
			files = (
			);
			runOnlyForDeploymentPostprocessing = 0;
		};
/* End PBXFrameworksBuildPhase section */

/* Begin PBXGroup section */
		18E5C76B1E2CCAFB001BC848 /* Frameworks */ = {
			isa = PBXGroup;
			children = (
				18E5C76E1E2CCB3A001BC848 /* libxml2.tbd */,
				18E5C76C1E2CCAFB001BC848 /* libxml2.2.tbd */,
			);
			name = Frameworks;
			sourceTree = "<group>";
		};
		3E58E7E020847D20006C7E88 /* CTBaseTableView_MVP */ = {
			isa = PBXGroup;
			children = (
				3E58E7F920847D20006C7E88 /* MJRefresh */,
				3E58E7E220847D20006C7E88 /* MVP_TableView */,
				3E58E7E320847D20006C7E88 /* NetworkService */,
				3E84C19A208ED8B800A0378E /* MVP_Common */,
				3E58E7E120847D20006C7E88 /* AppDelegate.h */,
				3E58E83220847D20006C7E88 /* AppDelegate.m */,
				3E58E82B20847D20006C7E88 /* Assets.xcassets */,
				3E58E83320847D20006C7E88 /* Info.plist */,
				3E58E82D20847D20006C7E88 /* LaunchScreen.storyboard */,
				3E58E83120847D20006C7E88 /* main.m */,
				3E58E82F20847D20006C7E88 /* Main.storyboard */,
				3E58E7F720847D20006C7E88 /* TableView_MVP.xcdatamodeld */,
				3E58E83420847D20006C7E88 /* ViewController.h */,
				3E58E82C20847D20006C7E88 /* ViewController.m */,
				3E59A92E2085DDC40005D3B1 /* TestViewController.h */,
				3E59A92F2085DDC40005D3B1 /* TestViewController.m */,
				3E59A9312085DEE40005D3B1 /* TestCellModel.h */,
				3E59A9322085DEE40005D3B1 /* TestCellModel.m */,
				3E59A9342085DF010005D3B1 /* TestTableViewCell.h */,
				3E59A9352085DF010005D3B1 /* TestTableViewCell.m */,
			);
			path = CTBaseTableView_MVP;
			sourceTree = "<group>";
		};
		3E58E7E220847D20006C7E88 /* MVP_TableView */ = {
			isa = PBXGroup;
			children = (
				3E58E85920847D9C006C7E88 /* Presenter */,
				3E58E7EB20847D20006C7E88 /* Protocol */,
				3E58E7EF20847D20006C7E88 /* Model */,
			);
			path = MVP_TableView;
			sourceTree = "<group>";
		};
		3E58E7E320847D20006C7E88 /* NetworkService */ = {
			isa = PBXGroup;
			children = (
				3E58E7E620847D20006C7E88 /* CTNetworkProtocol.h */,
				3E58E7E420847D20006C7E88 /* CTNetworkService.h */,
				3E58E7E920847D20006C7E88 /* CTNetworkService.m */,
				3E58E7E720847D20006C7E88 /* CTRequest.h */,
				3E58E7EA20847D20006C7E88 /* CTRequest.m */,
				3E58E7E820847D20006C7E88 /* CTRequestQueueManager.h */,
				3E58E7E520847D20006C7E88 /* CTRequestQueueManager.m */,
			);
			path = NetworkService;
			sourceTree = "<group>";
		};
		3E58E7EB20847D20006C7E88 /* Protocol */ = {
			isa = PBXGroup;
			children = (
				3E58E7EC20847D20006C7E88 /* CTBaseTableViewCellProtocol.h */,
				3E58E7ED20847D20006C7E88 /* CTTableViewProtocol.h */,
				3E58E7EE20847D20006C7E88 /* CTBaseTableViewCellModelProtocol.h */,
				3E58E86020847E34006C7E88 /* CTTableViewPresenterProtocol.h */,
			);
			path = Protocol;
			sourceTree = "<group>";
		};
		3E58E7EF20847D20006C7E88 /* Model */ = {
			isa = PBXGroup;
			children = (
				3E58E7F020847D20006C7E88 /* CTBaseTableViewCellModel.h */,
				3E58E7F220847D20006C7E88 /* CTBaseTableViewCellModel.m */,
				3E58E7F120847D20006C7E88 /* CTBaseTableViewModel.h */,
				3E58E7F320847D20006C7E88 /* CTBaseTableViewModel.m */,
			);
			path = Model;
			sourceTree = "<group>";
		};
		3E58E7F920847D20006C7E88 /* MJRefresh */ = {
			isa = PBXGroup;
			children = (
				3E58E7FA20847D20006C7E88 /* LICENSE */,
				3E58E7FB20847D20006C7E88 /* MJRefresh */,
				3E58E82A20847D20006C7E88 /* README.md */,
			);
			path = MJRefresh;
			sourceTree = "<group>";
		};
		3E58E7FB20847D20006C7E88 /* MJRefresh */ = {
			isa = PBXGroup;
			children = (
				3E58E7FC20847D20006C7E88 /* UIScrollView+MJRefresh.m */,
				3E58E7FD20847D20006C7E88 /* MJRefreshConst.m */,
				3E58E7FE20847D20006C7E88 /* UIScrollView+MJExtension.h */,
				3E58E7FF20847D20006C7E88 /* MJRefresh.h */,
				3E58E80020847D20006C7E88 /* NSBundle+MJRefresh.h */,
				3E58E80120847D20006C7E88 /* MJRefresh.bundle */,
				3E58E80220847D20006C7E88 /* UIView+MJExtension.h */,
				3E58E80320847D20006C7E88 /* UIScrollView+MJExtension.m */,
				3E58E80420847D20006C7E88 /* MJRefreshConst.h */,
				3E58E80520847D20006C7E88 /* UIScrollView+MJRefresh.h */,
				3E58E80620847D20006C7E88 /* NSBundle+MJRefresh.m */,
				3E58E80720847D20006C7E88 /* UIView+MJExtension.m */,
				3E58E80820847D20006C7E88 /* Custom */,
				3E58E81F20847D20006C7E88 /* Base */,
			);
			path = MJRefresh;
			sourceTree = "<group>";
		};
		3E58E80820847D20006C7E88 /* Custom */ = {
			isa = PBXGroup;
			children = (
				3E58E80920847D20006C7E88 /* Footer */,
				3E58E81820847D20006C7E88 /* Header */,
			);
			path = Custom;
			sourceTree = "<group>";
		};
		3E58E80920847D20006C7E88 /* Footer */ = {
			isa = PBXGroup;
			children = (
				3E58E80A20847D20006C7E88 /* Back */,
				3E58E81120847D20006C7E88 /* Auto */,
			);
			path = Footer;
			sourceTree = "<group>";
		};
		3E58E80A20847D20006C7E88 /* Back */ = {
			isa = PBXGroup;
			children = (
				3E58E80B20847D20006C7E88 /* MJRefreshBackGifFooter.h */,
				3E58E80C20847D20006C7E88 /* MJRefreshBackStateFooter.h */,
				3E58E80D20847D20006C7E88 /* MJRefreshBackNormalFooter.h */,
				3E58E80E20847D20006C7E88 /* MJRefreshBackGifFooter.m */,
				3E58E80F20847D20006C7E88 /* MJRefreshBackStateFooter.m */,
				3E58E81020847D20006C7E88 /* MJRefreshBackNormalFooter.m */,
			);
			path = Back;
			sourceTree = "<group>";
		};
		3E58E81120847D20006C7E88 /* Auto */ = {
			isa = PBXGroup;
			children = (
				3E58E81220847D20006C7E88 /* MJRefreshAutoStateFooter.h */,
				3E58E81320847D20006C7E88 /* MJRefreshAutoNormalFooter.h */,
				3E58E81420847D20006C7E88 /* MJRefreshAutoGifFooter.h */,
				3E58E81520847D20006C7E88 /* MJRefreshAutoStateFooter.m */,
				3E58E81620847D20006C7E88 /* MJRefreshAutoGifFooter.m */,
				3E58E81720847D20006C7E88 /* MJRefreshAutoNormalFooter.m */,
			);
			path = Auto;
			sourceTree = "<group>";
		};
		3E58E81820847D20006C7E88 /* Header */ = {
			isa = PBXGroup;
			children = (
				3E58E81920847D20006C7E88 /* MJRefreshNormalHeader.m */,
				3E58E81A20847D20006C7E88 /* MJRefreshStateHeader.h */,
				3E58E81B20847D20006C7E88 /* MJRefreshGifHeader.h */,
				3E58E81C20847D20006C7E88 /* MJRefreshNormalHeader.h */,
				3E58E81D20847D20006C7E88 /* MJRefreshStateHeader.m */,
				3E58E81E20847D20006C7E88 /* MJRefreshGifHeader.m */,
			);
			path = Header;
			sourceTree = "<group>";
		};
		3E58E81F20847D20006C7E88 /* Base */ = {
			isa = PBXGroup;
			children = (
				3E58E82020847D20006C7E88 /* MJRefreshFooter.m */,
				3E58E82120847D20006C7E88 /* MJRefreshComponent.h */,
				3E58E82220847D20006C7E88 /* MJRefreshHeader.m */,
				3E58E82320847D20006C7E88 /* MJRefreshAutoFooter.h */,
				3E58E82420847D20006C7E88 /* MJRefreshBackFooter.m */,
				3E58E82520847D20006C7E88 /* MJRefreshAutoFooter.m */,
				3E58E82620847D20006C7E88 /* MJRefreshHeader.h */,
				3E58E82720847D20006C7E88 /* MJRefreshComponent.m */,
				3E58E82820847D20006C7E88 /* MJRefreshFooter.h */,
				3E58E82920847D20006C7E88 /* MJRefreshBackFooter.h */,
			);
			path = Base;
			sourceTree = "<group>";
		};
		3E58E85920847D9C006C7E88 /* Presenter */ = {
			isa = PBXGroup;
			children = (
				3E58E85B20847D9C006C7E88 /* CTTableViewPresenter.h */,
				3E58E85A20847D9C006C7E88 /* CTTableViewPresenter.m */,
			);
			path = Presenter;
			sourceTree = "<group>";
		};
		3E84C19A208ED8B800A0378E /* MVP_Common */ = {
			isa = PBXGroup;
			children = (
				3E59A91E2085A2F80005D3B1 /* CTBasePresenterProtocol.h */,
				3E59A91D20859F840005D3B1 /* CTBaseViewControllerProtocol.h */,
				3E59A91920859AEE0005D3B1 /* CTBasePresenter.h */,
				3E59A91A20859AEE0005D3B1 /* CTBasePresenter.m */,
				3E59A9202085C47B0005D3B1 /* CTBaseDataModel.h */,
				3E59A91F2085C47B0005D3B1 /* CTBaseDataModel.m */,
			);
			path = MVP_Common;
			sourceTree = "<group>";
		};
		A44564051E2A81E80079C37E = {
			isa = PBXGroup;
			children = (
				3E58E7E020847D20006C7E88 /* CTBaseTableView_MVP */,
				A445640F1E2A81E80079C37E /* Products */,
				18E5C76B1E2CCAFB001BC848 /* Frameworks */,
			);
			sourceTree = "<group>";
		};
		A445640F1E2A81E80079C37E /* Products */ = {
			isa = PBXGroup;
			children = (
				A445640E1E2A81E80079C37E /* CTBaseTableView_MVP.app */,
			);
			name = Products;
			sourceTree = "<group>";
		};
/* End PBXGroup section */

/* Begin PBXNativeTarget section */
		A445640D1E2A81E80079C37E /* CTBaseTableView_MVP */ = {
			isa = PBXNativeTarget;
			buildConfigurationList = A44564331E2A81E80079C37E /* Build configuration list for PBXNativeTarget "CTBaseTableView_MVP" */;
			buildPhases = (
				A445640A1E2A81E80079C37E /* Sources */,
				A445640B1E2A81E80079C37E /* Frameworks */,
				A445640C1E2A81E80079C37E /* Resources */,
			);
			buildRules = (
			);
			dependencies = (
			);
			name = CTBaseTableView_MVP;
			productName = TableView_MVP;
			productReference = A445640E1E2A81E80079C37E /* CTBaseTableView_MVP.app */;
			productType = "com.apple.product-type.application";
		};
/* End PBXNativeTarget section */

/* Begin PBXProject section */
		A44564061E2A81E80079C37E /* Project object */ = {
			isa = PBXProject;
			attributes = {
				LastUpgradeCheck = 0930;
				ORGANIZATIONNAME = "腾";
				TargetAttributes = {
					A445640D1E2A81E80079C37E = {
						CreatedOnToolsVersion = 8.0;
						DevelopmentTeam = 7QNHFLAU6U;
						ProvisioningStyle = Automatic;
					};
				};
			};
			buildConfigurationList = A44564091E2A81E80079C37E /* Build configuration list for PBXProject "CTBaseTableView_MVP" */;
			compatibilityVersion = "Xcode 3.2";
			developmentRegion = English;
			hasScannedForEncodings = 0;
			knownRegions = (
				en,
				Base,
			);
			mainGroup = A44564051E2A81E80079C37E;
			productRefGroup = A445640F1E2A81E80079C37E /* Products */;
			projectDirPath = "";
			projectRoot = "";
			targets = (
				A445640D1E2A81E80079C37E /* CTBaseTableView_MVP */,
			);
		};
/* End PBXProject section */

/* Begin PBXResourcesBuildPhase section */
		A445640C1E2A81E80079C37E /* Resources */ = {
			isa = PBXResourcesBuildPhase;
			buildActionMask = 2147483647;
			files = (
				3E58E85120847D20006C7E88 /* README.md in Resources */,
				3E58E83F20847D20006C7E88 /* MJRefresh.bundle in Resources */,
				3E58E85220847D20006C7E88 /* Assets.xcassets in Resources */,
				3E58E85520847D20006C7E88 /* Main.storyboard in Resources */,
				3E58E85420847D20006C7E88 /* LaunchScreen.storyboard in Resources */,
				3E58E83C20847D20006C7E88 /* LICENSE in Resources */,
			);
			runOnlyForDeploymentPostprocessing = 0;
		};
/* End PBXResourcesBuildPhase section */

/* Begin PBXSourcesBuildPhase section */
		A445640A1E2A81E80079C37E /* Sources */ = {
			isa = PBXSourcesBuildPhase;
			buildActionMask = 2147483647;
			files = (
				3E58E84520847D20006C7E88 /* MJRefreshBackNormalFooter.m in Sources */,
				3E58E84C20847D20006C7E88 /* MJRefreshFooter.m in Sources */,
				3E58E84720847D20006C7E88 /* MJRefreshAutoGifFooter.m in Sources */,
				3E58E83520847D20006C7E88 /* CTRequestQueueManager.m in Sources */,
				3E58E84B20847D20006C7E88 /* MJRefreshGifHeader.m in Sources */,
				3E58E84F20847D20006C7E88 /* MJRefreshAutoFooter.m in Sources */,
				3E58E84E20847D20006C7E88 /* MJRefreshBackFooter.m in Sources */,
				3E58E85020847D20006C7E88 /* MJRefreshComponent.m in Sources */,
				3E58E85320847D20006C7E88 /* ViewController.m in Sources */,
				3E58E83620847D20006C7E88 /* CTNetworkService.m in Sources */,
				3E58E84A20847D20006C7E88 /* MJRefreshStateHeader.m in Sources */,
				3E58E84820847D20006C7E88 /* MJRefreshAutoNormalFooter.m in Sources */,
				3E58E84620847D20006C7E88 /* MJRefreshAutoStateFooter.m in Sources */,
				3E58E83B20847D20006C7E88 /* TableView_MVP.xcdatamodeld in Sources */,
				3E59A9302085DDC40005D3B1 /* TestViewController.m in Sources */,
				3E58E84D20847D20006C7E88 /* MJRefreshHeader.m in Sources */,
				3E58E84120847D20006C7E88 /* NSBundle+MJRefresh.m in Sources */,
				3E58E85720847D20006C7E88 /* AppDelegate.m in Sources */,
				3E58E84020847D20006C7E88 /* UIScrollView+MJExtension.m in Sources */,
				3E58E84420847D20006C7E88 /* MJRefreshBackStateFooter.m in Sources */,
				3E58E84320847D20006C7E88 /* MJRefreshBackGifFooter.m in Sources */,
				3E59A91B20859AEE0005D3B1 /* CTBasePresenter.m in Sources */,
				3E58E83D20847D20006C7E88 /* UIScrollView+MJRefresh.m in Sources */,
				3E58E84220847D20006C7E88 /* UIView+MJExtension.m in Sources */,
				3E58E85C20847D9C006C7E88 /* CTTableViewPresenter.m in Sources */,
				3E58E83E20847D20006C7E88 /* MJRefreshConst.m in Sources */,
				3E59A9332085DEE40005D3B1 /* TestCellModel.m in Sources */,
				3E59A9362085DF010005D3B1 /* TestTableViewCell.m in Sources */,
				3E58E83720847D20006C7E88 /* CTRequest.m in Sources */,
				3E58E83920847D20006C7E88 /* CTBaseTableViewModel.m in Sources */,
				3E58E83820847D20006C7E88 /* CTBaseTableViewCellModel.m in Sources */,
				3E58E85620847D20006C7E88 /* main.m in Sources */,
				3E59A9212085C47B0005D3B1 /* CTBaseDataModel.m in Sources */,
				3E58E84920847D20006C7E88 /* MJRefreshNormalHeader.m in Sources */,
			);
			runOnlyForDeploymentPostprocessing = 0;
		};
/* End PBXSourcesBuildPhase section */

/* Begin PBXVariantGroup section */
		3E58E82D20847D20006C7E88 /* LaunchScreen.storyboard */ = {
			isa = PBXVariantGroup;
			children = (
				3E58E82E20847D20006C7E88 /* Base */,
			);
			name = LaunchScreen.storyboard;
			sourceTree = "<group>";
		};
		3E58E82F20847D20006C7E88 /* Main.storyboard */ = {
			isa = PBXVariantGroup;
			children = (
				3E58E83020847D20006C7E88 /* Base */,
			);
			name = Main.storyboard;
			sourceTree = "<group>";
		};
/* End PBXVariantGroup section */

/* Begin XCBuildConfiguration section */
		A44564311E2A81E80079C37E /* Debug */ = {
			isa = XCBuildConfiguration;
			buildSettings = {
				ALWAYS_SEARCH_USER_PATHS = NO;
				CLANG_ANALYZER_NONNULL = YES;
				CLANG_CXX_LANGUAGE_STANDARD = "gnu++0x";
				CLANG_CXX_LIBRARY = "libc++";
				CLANG_ENABLE_MODULES = YES;
				CLANG_ENABLE_OBJC_ARC = YES;
				CLANG_WARN_BLOCK_CAPTURE_AUTORELEASING = YES;
				CLANG_WARN_BOOL_CONVERSION = YES;
				CLANG_WARN_COMMA = YES;
				CLANG_WARN_CONSTANT_CONVERSION = YES;
				CLANG_WARN_DEPRECATED_OBJC_IMPLEMENTATIONS = YES;
				CLANG_WARN_DIRECT_OBJC_ISA_USAGE = YES_ERROR;
				CLANG_WARN_DOCUMENTATION_COMMENTS = YES;
				CLANG_WARN_EMPTY_BODY = YES;
				CLANG_WARN_ENUM_CONVERSION = YES;
				CLANG_WARN_INFINITE_RECURSION = YES;
				CLANG_WARN_INT_CONVERSION = YES;
				CLANG_WARN_NON_LITERAL_NULL_CONVERSION = YES;
				CLANG_WARN_OBJC_IMPLICIT_RETAIN_SELF = YES;
				CLANG_WARN_OBJC_LITERAL_CONVERSION = YES;
				CLANG_WARN_OBJC_ROOT_CLASS = YES_ERROR;
				CLANG_WARN_RANGE_LOOP_ANALYSIS = YES;
				CLANG_WARN_STRICT_PROTOTYPES = YES;
				CLANG_WARN_SUSPICIOUS_MOVE = YES;
				CLANG_WARN_SUSPICIOUS_MOVES = YES;
				CLANG_WARN_UNREACHABLE_CODE = YES;
				CLANG_WARN__DUPLICATE_METHOD_MATCH = YES;
				"CODE_SIGN_IDENTITY[sdk=iphoneos*]" = "iPhone Developer";
				COPY_PHASE_STRIP = NO;
				DEBUG_INFORMATION_FORMAT = dwarf;
				ENABLE_STRICT_OBJC_MSGSEND = YES;
				ENABLE_TESTABILITY = YES;
				GCC_C_LANGUAGE_STANDARD = gnu99;
				GCC_DYNAMIC_NO_PIC = NO;
				GCC_NO_COMMON_BLOCKS = YES;
				GCC_OPTIMIZATION_LEVEL = 0;
				GCC_PREPROCESSOR_DEFINITIONS = (
					"DEBUG=1",
					"$(inherited)",
				);
				GCC_WARN_64_TO_32_BIT_CONVERSION = YES;
				GCC_WARN_ABOUT_RETURN_TYPE = YES_ERROR;
				GCC_WARN_UNDECLARED_SELECTOR = YES;
				GCC_WARN_UNINITIALIZED_AUTOS = YES_AGGRESSIVE;
				GCC_WARN_UNUSED_FUNCTION = YES;
				GCC_WARN_UNUSED_VARIABLE = YES;
				IPHONEOS_DEPLOYMENT_TARGET = 8.0;
				MTL_ENABLE_DEBUG_INFO = YES;
				ONLY_ACTIVE_ARCH = YES;
				SDKROOT = iphoneos;
				TARGETED_DEVICE_FAMILY = "1,2";
			};
			name = Debug;
		};
		A44564321E2A81E80079C37E /* Release */ = {
			isa = XCBuildConfiguration;
			buildSettings = {
				ALWAYS_SEARCH_USER_PATHS = NO;
				CLANG_ANALYZER_NONNULL = YES;
				CLANG_CXX_LANGUAGE_STANDARD = "gnu++0x";
				CLANG_CXX_LIBRARY = "libc++";
				CLANG_ENABLE_MODULES = YES;
				CLANG_ENABLE_OBJC_ARC = YES;
				CLANG_WARN_BLOCK_CAPTURE_AUTORELEASING = YES;
				CLANG_WARN_BOOL_CONVERSION = YES;
				CLANG_WARN_COMMA = YES;
				CLANG_WARN_CONSTANT_CONVERSION = YES;
				CLANG_WARN_DEPRECATED_OBJC_IMPLEMENTATIONS = YES;
				CLANG_WARN_DIRECT_OBJC_ISA_USAGE = YES_ERROR;
				CLANG_WARN_DOCUMENTATION_COMMENTS = YES;
				CLANG_WARN_EMPTY_BODY = YES;
				CLANG_WARN_ENUM_CONVERSION = YES;
				CLANG_WARN_INFINITE_RECURSION = YES;
				CLANG_WARN_INT_CONVERSION = YES;
				CLANG_WARN_NON_LITERAL_NULL_CONVERSION = YES;
				CLANG_WARN_OBJC_IMPLICIT_RETAIN_SELF = YES;
				CLANG_WARN_OBJC_LITERAL_CONVERSION = YES;
				CLANG_WARN_OBJC_ROOT_CLASS = YES_ERROR;
				CLANG_WARN_RANGE_LOOP_ANALYSIS = YES;
				CLANG_WARN_STRICT_PROTOTYPES = YES;
				CLANG_WARN_SUSPICIOUS_MOVE = YES;
				CLANG_WARN_SUSPICIOUS_MOVES = YES;
				CLANG_WARN_UNREACHABLE_CODE = YES;
				CLANG_WARN__DUPLICATE_METHOD_MATCH = YES;
				"CODE_SIGN_IDENTITY[sdk=iphoneos*]" = "iPhone Developer";
				COPY_PHASE_STRIP = NO;
				DEBUG_INFORMATION_FORMAT = "dwarf-with-dsym";
				ENABLE_NS_ASSERTIONS = NO;
				ENABLE_STRICT_OBJC_MSGSEND = YES;
				GCC_C_LANGUAGE_STANDARD = gnu99;
				GCC_NO_COMMON_BLOCKS = YES;
				GCC_WARN_64_TO_32_BIT_CONVERSION = YES;
				GCC_WARN_ABOUT_RETURN_TYPE = YES_ERROR;
				GCC_WARN_UNDECLARED_SELECTOR = YES;
				GCC_WARN_UNINITIALIZED_AUTOS = YES_AGGRESSIVE;
				GCC_WARN_UNUSED_FUNCTION = YES;
				GCC_WARN_UNUSED_VARIABLE = YES;
				IPHONEOS_DEPLOYMENT_TARGET = 8.0;
				MTL_ENABLE_DEBUG_INFO = NO;
				SDKROOT = iphoneos;
				TARGETED_DEVICE_FAMILY = "1,2";
				VALIDATE_PRODUCT = YES;
			};
			name = Release;
		};
		A44564341E2A81E80079C37E /* Debug */ = {
			isa = XCBuildConfiguration;
			buildSettings = {
				ASSETCATALOG_COMPILER_APPICON_NAME = AppIcon;
				DEVELOPMENT_TEAM = 7QNHFLAU6U;
				HEADER_SEARCH_PATHS = (
					"${SDK_DIR}/usr/include/libxml2/",
					"$(inherited)",
				);
				INFOPLIST_FILE = "$(SRCROOT)/CTBaseTableView_MVP/Info.plist";
				LD_RUNPATH_SEARCH_PATHS = "$(inherited) @executable_path/Frameworks";
				OTHER_LDFLAGS = (
					"-ObjC",
					"-all_load",
					"$(inherited)",
					"-lxml2",
				);
				PRODUCT_BUNDLE_IDENTIFIER = "teng.TableView-MVP";
				PRODUCT_NAME = "$(TARGET_NAME)";
				USER_HEADER_SEARCH_PATHS = "${inherited}";
			};
			name = Debug;
		};
		A44564351E2A81E80079C37E /* Release */ = {
			isa = XCBuildConfiguration;
			buildSettings = {
				ASSETCATALOG_COMPILER_APPICON_NAME = AppIcon;
				DEVELOPMENT_TEAM = 7QNHFLAU6U;
				HEADER_SEARCH_PATHS = (
					"${SDK_DIR}/usr/include/libxml2/",
					"$(inherited)",
				);
				INFOPLIST_FILE = "$(SRCROOT)/CTBaseTableView_MVP/Info.plist";
				LD_RUNPATH_SEARCH_PATHS = "$(inherited) @executable_path/Frameworks";
				OTHER_LDFLAGS = (
					"-ObjC",
					"-all_load",
					"$(inherited)",
					"-lxml2",
				);
				PRODUCT_BUNDLE_IDENTIFIER = "teng.TableView-MVP";
				PRODUCT_NAME = "$(TARGET_NAME)";
				USER_HEADER_SEARCH_PATHS = "${inherited}";
			};
			name = Release;
		};
/* End XCBuildConfiguration section */

/* Begin XCConfigurationList section */
		A44564091E2A81E80079C37E /* Build configuration list for PBXProject "CTBaseTableView_MVP" */ = {
			isa = XCConfigurationList;
			buildConfigurations = (
				A44564311E2A81E80079C37E /* Debug */,
				A44564321E2A81E80079C37E /* Release */,
			);
			defaultConfigurationIsVisible = 0;
			defaultConfigurationName = Release;
		};
		A44564331E2A81E80079C37E /* Build configuration list for PBXNativeTarget "CTBaseTableView_MVP" */ = {
			isa = XCConfigurationList;
			buildConfigurations = (
				A44564341E2A81E80079C37E /* Debug */,
				A44564351E2A81E80079C37E /* Release */,
			);
			defaultConfigurationIsVisible = 0;
			defaultConfigurationName = Release;
		};
/* End XCConfigurationList section */

/* Begin XCVersionGroup section */
		3E58E7F720847D20006C7E88 /* TableView_MVP.xcdatamodeld */ = {
			isa = XCVersionGroup;
			children = (
				3E58E7F820847D20006C7E88 /* TableView_MVP.xcdatamodel */,
			);
			currentVersion = 3E58E7F820847D20006C7E88 /* TableView_MVP.xcdatamodel */;
			path = TableView_MVP.xcdatamodeld;
			sourceTree = "<group>";
			versionGroupType = wrapper.xcdatamodel;
		};
/* End XCVersionGroup section */
	};
	rootObject = A44564061E2A81E80079C37E /* Project object */;
}
